// !$*UTF8*$!
{
	archiveVersion = 1;
	classes = {
	};
	objectVersion = 46;
	objects = {

/* Begin PBXBuildFile section */
		1455E4A1E4D26D6C7F698F2A /* Pods_Sample.framework in Frameworks */ = {isa = PBXBuildFile; fileRef = 641C7FA0D72D5CA88EE7F76B /* Pods_Sample.framework */; };
		5C5B60CA1F23A18B0046D661 /* AppDelegate.swift in Sources */ = {isa = PBXBuildFile; fileRef = 5C5B60C91F23A18B0046D661 /* AppDelegate.swift */; };
		5C5B60CC1F23A18B0046D661 /* ViewController.swift in Sources */ = {isa = PBXBuildFile; fileRef = 5C5B60CB1F23A18B0046D661 /* ViewController.swift */; };
		5C5B60CF1F23A18B0046D661 /* Main.storyboard in Resources */ = {isa = PBXBuildFile; fileRef = 5C5B60CD1F23A18B0046D661 /* Main.storyboard */; };
		5C5B60D11F23A18B0046D661 /* Assets.xcassets in Resources */ = {isa = PBXBuildFile; fileRef = 5C5B60D01F23A18B0046D661 /* Assets.xcassets */; };
		5C5B60D41F23A18B0046D661 /* LaunchScreen.storyboard in Resources */ = {isa = PBXBuildFile; fileRef = 5C5B60D21F23A18B0046D661 /* LaunchScreen.storyboard */; };
/* End PBXBuildFile section */

/* Begin PBXFileReference section */
		558F47AB37312B69ED394839 /* Pods-Sample.debug.xcconfig */ = {isa = PBXFileReference; includeInIndex = 1; lastKnownFileType = text.xcconfig; name = "Pods-Sample.debug.xcconfig"; path = "Pods/Target Support Files/Pods-Sample/Pods-Sample.debug.xcconfig"; sourceTree = "<group>"; };
		5C5B60C61F23A18B0046D661 /* Sample.app */ = {isa = PBXFileReference; explicitFileType = wrapper.application; includeInIndex = 0; path = Sample.app; sourceTree = BUILT_PRODUCTS_DIR; };
		5C5B60C91F23A18B0046D661 /* AppDelegate.swift */ = {isa = PBXFileReference; lastKnownFileType = sourcecode.swift; path = AppDelegate.swift; sourceTree = "<group>"; };
		5C5B60CB1F23A18B0046D661 /* ViewController.swift */ = {isa = PBXFileReference; lastKnownFileType = sourcecode.swift; path = ViewController.swift; sourceTree = "<group>"; };
		5C5B60CE1F23A18B0046D661 /* Base */ = {isa = PBXFileReference; lastKnownFileType = file.storyboard; name = Base; path = Base.lproj/Main.storyboard; sourceTree = "<group>"; };
		5C5B60D01F23A18B0046D661 /* Assets.xcassets */ = {isa = PBXFileReference; lastKnownFileType = folder.assetcatalog; path = Assets.xcassets; sourceTree = "<group>"; };
		5C5B60D31F23A18B0046D661 /* Base */ = {isa = PBXFileReference; lastKnownFileType = file.storyboard; name = Base; path = Base.lproj/LaunchScreen.storyboard; sourceTree = "<group>"; };
		5C5B60D51F23A18B0046D661 /* Info.plist */ = {isa = PBXFileReference; lastKnownFileType = text.plist.xml; path = Info.plist; sourceTree = "<group>"; };
		641C7FA0D72D5CA88EE7F76B /* Pods_Sample.framework */ = {isa = PBXFileReference; explicitFileType = wrapper.framework; includeInIndex = 0; path = Pods_Sample.framework; sourceTree = BUILT_PRODUCTS_DIR; };
		CEAC5070F39C5E128969CD2A /* Pods-Sample.release.xcconfig */ = {isa = PBXFileReference; includeInIndex = 1; lastKnownFileType = text.xcconfig; name = "Pods-Sample.release.xcconfig"; path = "Pods/Target Support Files/Pods-Sample/Pods-Sample.release.xcconfig"; sourceTree = "<group>"; };
/* End PBXFileReference section */

/* Begin PBXFrameworksBuildPhase section */
		5C5B60C31F23A18B0046D661 /* Frameworks */ = {
			isa = PBXFrameworksBuildPhase;
			buildActionMask = 2147483647;
			files = (
				1455E4A1E4D26D6C7F698F2A /* Pods_Sample.framework in Frameworks */,
			);
			runOnlyForDeploymentPostprocessing = 0;
		};
/* End PBXFrameworksBuildPhase section */

/* Begin PBXGroup section */
		5C5B60BD1F23A18B0046D661 = {
			isa = PBXGroup;
			children = (
				5C5B60C81F23A18B0046D661 /* Sample */,
				5C5B60C71F23A18B0046D661 /* Products */,
				D1D12B22AB3617884A66DE1D /* Pods */,
				75C56FCE3C7F910C73948D8E /* Frameworks */,
			);
			sourceTree = "<group>";
		};
		5C5B60C71F23A18B0046D661 /* Products */ = {
			isa = PBXGroup;
			children = (
				5C5B60C61F23A18B0046D661 /* Sample.app */,
			);
			name = Products;
			sourceTree = "<group>";
		};
		5C5B60C81F23A18B0046D661 /* Sample */ = {
			isa = PBXGroup;
			children = (
				5C5B60C91F23A18B0046D661 /* AppDelegate.swift */,
				5C5B60CB1F23A18B0046D661 /* ViewController.swift */,
				5C5B60CD1F23A18B0046D661 /* Main.storyboard */,
				5C5B60D01F23A18B0046D661 /* Assets.xcassets */,
				5C5B60D21F23A18B0046D661 /* LaunchScreen.storyboard */,
				5C5B60D51F23A18B0046D661 /* Info.plist */,
			);
			path = Sample;
			sourceTree = "<group>";
		};
		75C56FCE3C7F910C73948D8E /* Frameworks */ = {
			isa = PBXGroup;
			children = (
				641C7FA0D72D5CA88EE7F76B /* Pods_Sample.framework */,
			);
			name = Frameworks;
			sourceTree = "<group>";
		};
		D1D12B22AB3617884A66DE1D /* Pods */ = {
			isa = PBXGroup;
			children = (
				558F47AB37312B69ED394839 /* Pods-Sample.debug.xcconfig */,
				CEAC5070F39C5E128969CD2A /* Pods-Sample.release.xcconfig */,
			);
			name = Pods;
			sourceTree = "<group>";
		};
/* End PBXGroup section */

/* Begin PBXNativeTarget section */
		5C5B60C51F23A18B0046D661 /* Sample */ = {
			isa = PBXNativeTarget;
			buildConfigurationList = 5C5B60D81F23A18B0046D661 /* Build configuration list for PBXNativeTarget "Sample" */;
			buildPhases = (
				72DB170ADC363C80C52051A1 /* [CP] Check Pods Manifest.lock */,
				5C5B60C21F23A18B0046D661 /* Sources */,
				5C5B60C31F23A18B0046D661 /* Frameworks */,
				5C5B60C41F23A18B0046D661 /* Resources */,
				DC71785C0A48E39D039396B0 /* [CP] Embed Pods Frameworks */,
				D8BBC7FEC9B086B26A495784 /* [CP] Copy Pods Resources */,
			);
			buildRules = (
			);
			dependencies = (
			);
			name = Sample;
			productName = Sample;
			productReference = 5C5B60C61F23A18B0046D661 /* Sample.app */;
			productType = "com.apple.product-type.application";
		};
/* End PBXNativeTarget section */

/* Begin PBXProject section */
		5C5B60BE1F23A18B0046D661 /* Project object */ = {
			isa = PBXProject;
			attributes = {
				LastSwiftUpdateCheck = 0830;
				LastUpgradeCheck = 0830;
				ORGANIZATIONNAME = Meniny;
				TargetAttributes = {
					5C5B60C51F23A18B0046D661 = {
						CreatedOnToolsVersion = 8.3.3;
						DevelopmentTeam = 63YL5QDMNS;
						ProvisioningStyle = Automatic;
					};
				};
			};
			buildConfigurationList = 5C5B60C11F23A18B0046D661 /* Build configuration list for PBXProject "Sample" */;
			compatibilityVersion = "Xcode 3.2";
			developmentRegion = English;
			hasScannedForEncodings = 0;
			knownRegions = (
				en,
				Base,
			);
			mainGroup = 5C5B60BD1F23A18B0046D661;
			productRefGroup = 5C5B60C71F23A18B0046D661 /* Products */;
			projectDirPath = "";
			projectRoot = "";
			targets = (
				5C5B60C51F23A18B0046D661 /* Sample */,
			);
		};
/* End PBXProject section */

/* Begin PBXResourcesBuildPhase section */
		5C5B60C41F23A18B0046D661 /* Resources */ = {
			isa = PBXResourcesBuildPhase;
			buildActionMask = 2147483647;
			files = (
				5C5B60D41F23A18B0046D661 /* LaunchScreen.storyboard in Resources */,
				5C5B60D11F23A18B0046D661 /* Assets.xcassets in Resources */,
				5C5B60CF1F23A18B0046D661 /* Main.storyboard in Resources */,
			);
			runOnlyForDeploymentPostprocessing = 0;
		};
/* End PBXResourcesBuildPhase section */

/* Begin PBXShellScriptBuildPhase section */
		72DB170ADC363C80C52051A1 /* [CP] Check Pods Manifest.lock */ = {
			isa = PBXShellScriptBuildPhase;
			buildActionMask = 2147483647;
			files = (
			);
			inputPaths = (
			);
			name = "[CP] Check Pods Manifest.lock";
			outputPaths = (
			);
			runOnlyForDeploymentPostprocessing = 0;
			shellPath = /bin/sh;
			shellScript = "diff \"${PODS_PODFILE_DIR_PATH}/Podfile.lock\" \"${PODS_ROOT}/Manifest.lock\" > /dev/null\nif [ $? != 0 ] ; then\n    # print error to STDERR\n    echo \"error: The sandbox is not in sync with the Podfile.lock. Run 'pod install' or update your CocoaPods installation.\" >&2\n    exit 1\nfi\n";
			showEnvVarsInLog = 0;
		};
		D8BBC7FEC9B086B26A495784 /* [CP] Copy Pods Resources */ = {
			isa = PBXShellScriptBuildPhase;
			buildActionMask = 2147483647;
			files = (
			);
			inputPaths = (
			);
			name = "[CP] Copy Pods Resources";
			outputPaths = (
			);
			runOnlyForDeploymentPostprocessing = 0;
			shellPath = /bin/sh;
			shellScript = "\"${SRCROOT}/Pods/Target Support Files/Pods-Sample/Pods-Sample-resources.sh\"\n";
			showEnvVarsInLog = 0;
		};
		DC71785C0A48E39D039396B0 /* [CP] Embed Pods Frameworks */ = {
			isa = PBXShellScriptBuildPhase;
			buildActionMask = 2147483647;
			files = (
			);
			inputPaths = (
			);
			name = "[CP] Embed Pods Frameworks";
			outputPaths = (
			);
			runOnlyForDeploymentPostprocessing = 0;
			shellPath = /bin/sh;
			shellScript = "\"${SRCROOT}/Pods/Target Support Files/Pods-Sample/Pods-Sample-frameworks.sh\"\n";
			showEnvVarsInLog = 0;
		};
/* End PBXShellScriptBuildPhase section */

/* Begin PBXSourcesBuildPhase section */
		5C5B60C21F23A18B0046D661 /* Sources */ = {
			isa = PBXSourcesBuildPhase;
			buildActionMask = 2147483647;
			files = (
				5C5B60CC1F23A18B0046D661 /* ViewController.swift in Sources */,
				5C5B60CA1F23A18B0046D661 /* AppDelegate.swift in Sources */,
			);
			runOnlyForDeploymentPostprocessing = 0;
		};
/* End PBXSourcesBuildPhase section */

/* Begin PBXVariantGroup section */
		5C5B60CD1F23A18B0046D661 /* Main.storyboard */ = {
			isa = PBXVariantGroup;
			children = (
				5C5B60CE1F23A18B0046D661 /* Base */,
			);
			name = Main.storyboard;
			sourceTree = "<group>";
		};
		5C5B60D21F23A18B0046D661 /* LaunchScreen.storyboard */ = {
			isa = PBXVariantGroup;
			children = (
				5C5B60D31F23A18B0046D661 /* Base */,
			);
			name = LaunchScreen.storyboard;
			sourceTree = "<group>";
		};
/* End PBXVariantGroup section */

/* Begin XCBuildConfiguration section */
		5C5B60D61F23A18B0046D661 /* Debug */ = {
			isa = XCBuildConfiguration;
			buildSettings = {
				ALWAYS_SEARCH_USER_PATHS = NO;
				CLANG_ANALYZER_NONNULL = YES;
				CLANG_ANALYZER_NUMBER_OBJECT_CONVERSION = YES_AGGRESSIVE;
				CLANG_CXX_LANGUAGE_STANDARD = "gnu++0x";
				CLANG_CXX_LIBRARY = "libc++";
				CLANG_ENABLE_MODULES = YES;
				CLANG_ENABLE_OBJC_ARC = YES;
				CLANG_WARN_BOOL_CONVERSION = YES;
				CLANG_WARN_CONSTANT_CONVERSION = YES;
				CLANG_WARN_DIRECT_OBJC_ISA_USAGE = YES_ERROR;
				CLANG_WARN_DOCUMENTATION_COMMENTS = YES;
				CLANG_WARN_EMPTY_BODY = YES;
				CLANG_WARN_ENUM_CONVERSION = YES;
				CLANG_WARN_INFINITE_RECURSION = YES;
				CLANG_WARN_INT_CONVERSION = YES;
				CLANG_WARN_OBJC_ROOT_CLASS = YES_ERROR;
				CLANG_WARN_SUSPICIOUS_MOVE = YES;
				CLANG_WARN_UNREACHABLE_CODE = YES;
				CLANG_WARN__DUPLICATE_METHOD_MATCH = YES;
				"CODE_SIGN_IDENTITY[sdk=iphoneos*]" = "iPhone Developer";
				COPY_PHASE_STRIP = NO;
				DEBUG_INFORMATION_FORMAT = dwarf;
				ENABLE_STRICT_OBJC_MSGSEND = YES;
				ENABLE_TESTABILITY = YES;
				GCC_C_LANGUAGE_STANDARD = gnu99;
				GCC_DYNAMIC_NO_PIC = NO;
				GCC_NO_COMMON_BLOCKS = YES;
				GCC_OPTIMIZATION_LEVEL = 0;
				GCC_PREPROCESSOR_DEFINITIONS = (
					"DEBUG=1",
					"$(inherited)",
				);
				GCC_WARN_64_TO_32_BIT_CONVERSION = YES;
				GCC_WARN_ABOUT_RETURN_TYPE = YES_ERROR;
				GCC_WARN_UNDECLARED_SELECTOR = YES;
				GCC_WARN_UNINITIALIZED_AUTOS = YES_AGGRESSIVE;
				GCC_WARN_UNUSED_FUNCTION = YES;
				GCC_WARN_UNUSED_VARIABLE = YES;
				IPHONEOS_DEPLOYMENT_TARGET = 10.3;
				MTL_ENABLE_DEBUG_INFO = YES;
				ONLY_ACTIVE_ARCH = YES;
				SDKROOT = iphoneos;
				SWIFT_ACTIVE_COMPILATION_CONDITIONS = DEBUG;
				SWIFT_OPTIMIZATION_LEVEL = "-Onone";
				TARGETED_DEVICE_FAMILY = "1,2";
			};
			name = Debug;
		};
		5C5B60D71F23A18B0046D661 /* Release */ = {
			isa = XCBuildConfiguration;
			buildSettings = {
				ALWAYS_SEARCH_USER_PATHS = NO;
				CLANG_ANALYZER_NONNULL = YES;
				CLANG_ANALYZER_NUMBER_OBJECT_CONVERSION = YES_AGGRESSIVE;
				CLANG_CXX_LANGUAGE_STANDARD = "gnu++0x";
				CLANG_CXX_LIBRARY = "libc++";
				CLANG_ENABLE_MODULES = YES;
				CLANG_ENABLE_OBJC_ARC = YES;
				CLANG_WARN_BOOL_CONVERSION = YES;
				CLANG_WARN_CONSTANT_CONVERSION = YES;
				CLANG_WARN_DIRECT_OBJC_ISA_USAGE = YES_ERROR;
				CLANG_WARN_DOCUMENTATION_COMMENTS = YES;
				CLANG_WARN_EMPTY_BODY = YES;
				CLANG_WARN_ENUM_CONVERSION = YES;
				CLANG_WARN_INFINITE_RECURSION = YES;
				CLANG_WARN_INT_CONVERSION = YES;
				CLANG_WARN_OBJC_ROOT_CLASS = YES_ERROR;
				CLANG_WARN_SUSPICIOUS_MOVE = YES;
				CLANG_WARN_UNREACHABLE_CODE = YES;
				CLANG_WARN__DUPLICATE_METHOD_MATCH = YES;
				"CODE_SIGN_IDENTITY[sdk=iphoneos*]" = "iPhone Developer";
				COPY_PHASE_STRIP = NO;
				DEBUG_INFORMATION_FORMAT = "dwarf-with-dsym";
				ENABLE_NS_ASSERTIONS = NO;
				ENABLE_STRICT_OBJC_MSGSEND = YES;
				GCC_C_LANGUAGE_STANDARD = gnu99;
				GCC_NO_COMMON_BLOCKS = YES;
				GCC_WARN_64_TO_32_BIT_CONVERSION = YES;
				GCC_WARN_ABOUT_RETURN_TYPE = YES_ERROR;
				GCC_WARN_UNDECLARED_SELECTOR = YES;
				GCC_WARN_UNINITIALIZED_AUTOS = YES_AGGRESSIVE;
				GCC_WARN_UNUSED_FUNCTION = YES;
				GCC_WARN_UNUSED_VARIABLE = YES;
				IPHONEOS_DEPLOYMENT_TARGET = 10.3;
				MTL_ENABLE_DEBUG_INFO = NO;
				SDKROOT = iphoneos;
				SWIFT_OPTIMIZATION_LEVEL = "-Owholemodule";
				TARGETED_DEVICE_FAMILY = "1,2";
				VALIDATE_PRODUCT = YES;
			};
			name = Release;
		};
		5C5B60D91F23A18B0046D661 /* Debug */ = {
			isa = XCBuildConfiguration;
			baseConfigurationReference = 558F47AB37312B69ED394839 /* Pods-Sample.debug.xcconfig */;
			buildSettings = {
				ASSETCATALOG_COMPILER_APPICON_NAME = AppIcon;
				DEVELOPMENT_TEAM = 63YL5QDMNS;
				INFOPLIST_FILE = Sample/Info.plist;
				LD_RUNPATH_SEARCH_PATHS = "$(inherited) @executable_path/Frameworks";
				PRODUCT_BUNDLE_IDENTIFIER = cn.meniny.Formal.Sample;
				PRODUCT_NAME = "$(TARGET_NAME)";
				SWIFT_VERSION = 3.0;
			};
			name = Debug;
		};
		5C5B60DA1F23A18B0046D661 /* Release */ = {
			isa = XCBuildConfiguration;
			baseConfigurationReference = CEAC5070F39C5E128969CD2A /* Pods-Sample.release.xcconfig */;
			buildSettings = {
				ASSETCATALOG_COMPILER_APPICON_NAME = AppIcon;
				DEVELOPMENT_TEAM = 63YL5QDMNS;
				INFOPLIST_FILE = Sample/Info.plist;
				LD_RUNPATH_SEARCH_PATHS = "$(inherited) @executable_path/Frameworks";
				PRODUCT_BUNDLE_IDENTIFIER = cn.meniny.Formal.Sample;
				PRODUCT_NAME = "$(TARGET_NAME)";
				SWIFT_VERSION = 3.0;
			};
			name = Release;
		};
/* End XCBuildConfiguration section */

/* Begin XCConfigurationList section */
		5C5B60C11F23A18B0046D661 /* Build configuration list for PBXProject "Sample" */ = {
			isa = XCConfigurationList;
			buildConfigurations = (
				5C5B60D61F23A18B0046D661 /* Debug */,
				5C5B60D71F23A18B0046D661 /* Release */,
			);
			defaultConfigurationIsVisible = 0;
			defaultConfigurationName = Release;
		};
		5C5B60D81F23A18B0046D661 /* Build configuration list for PBXNativeTarget "Sample" */ = {
			isa = XCConfigurationList;
			buildConfigurations = (
				5C5B60D91F23A18B0046D661 /* Debug */,
				5C5B60DA1F23A18B0046D661 /* Release */,
			);
			defaultConfigurationIsVisible = 0;
		};
/* End XCConfigurationList section */
	};
	rootObject = 5C5B60BE1F23A18B0046D661 /* Project object */;
}
