PODS:
  - Formal (2.0.0):
    - Imagery
  - Imagery (1.1.0)

DEPENDENCIES:
  - Formal (from `../`)

EXTERNAL SOURCES:
  Formal:
    :path: "../"

SPEC CHECKSUMS:
  Formal: 89c820006fc92964ed78186fc13ba7e2ea55ce2e
  Imagery: d3e1b94f9f7d4986a9b6adaa1272405bd7a7c875

PODFILE CHECKSUM: d16d8e84c243f66c9266e6d060c12bd2a2b602f8

COCOAPODS: 1.2.1
